
Microsoft Visual Studio Solution File, Format Version 12.00
# Visual Studio Version 17
VisualStudioVersion = 17.11.35222.181
MinimumVisualStudioVersion = 10.0.40219.1
Project("{FAE04EC0-301F-11D3-BF4B-00C04F79EFBC}") = "lw32", "lw32.csproj", "{6F4C0193-0966-4285-8CC5-587ADDB44B60}"
EndProject
Global
	GlobalSection(SolutionConfigurationPlatforms) = preSolution
		Debug|Any CPU = Debug|Any CPU
		Release|Any CPU = Release|Any CPU
	EndGlobalSection
	GlobalSection(ProjectConfigurationPlatforms) = postSolution
		{6F4C0193-0966-4285-8CC5-587ADDB44B60}.Debug|Any CPU.ActiveCfg = Debug|Any CPU
		{6F4C0193-0966-4285-8CC5-587ADDB44B60}.Debug|Any CPU.Build.0 = Debug|Any CPU
		{6F4C0193-0966-4285-8CC5-587ADDB44B60}.Release|Any CPU.ActiveCfg = Release|Any CPU
		{6F4C0193-0966-4285-8CC5-587ADDB44B60}.Release|Any CPU.Build.0 = Release|Any CPU
	EndGlobalSection
	GlobalSection(SolutionProperties) = preSolution
		HideSolutionNode = FALSE
	EndGlobalSection
	GlobalSection(ExtensibilityGlobals) = postSolution
		SolutionGuid = {64644AF8-CECB-4864-946D-660CB53B952F}
	EndGlobalSection
EndGlobal
